
Microsoft Visual Studio Solution File, Format Version 12.00
# Visual Studio Version 17
VisualStudioVersion = 17.3.32922.545
MinimumVisualStudioVersion = 10.0.40219.1
Project("{FAE04EC0-301F-11D3-BF4B-00C04F79EFBC}") = "TestPrueba05", "TestPrueba05\TestPrueba05.csproj", "{DAAA095A-BA4B-493E-958A-EC2DF5E37342}"
EndProject
Global
	GlobalSection(SolutionConfigurationPlatforms) = preSolution
		Debug|Any CPU = Debug|Any CPU
		Release|Any CPU = Release|Any CPU
	EndGlobalSection
	GlobalSection(ProjectConfigurationPlatforms) = postSolution
		{DAAA095A-BA4B-493E-958A-EC2DF5E37342}.Debug|Any CPU.ActiveCfg = Debug|Any CPU
		{DAAA095A-BA4B-493E-958A-EC2DF5E37342}.Debug|Any CPU.Build.0 = Debug|Any CPU
		{DAAA095A-BA4B-493E-958A-EC2DF5E37342}.Release|Any CPU.ActiveCfg = Release|Any CPU
		{DAAA095A-BA4B-493E-958A-EC2DF5E37342}.Release|Any CPU.Build.0 = Release|Any CPU
	EndGlobalSection
	GlobalSection(SolutionProperties) = preSolution
		HideSolutionNode = FALSE
	EndGlobalSection
	GlobalSection(ExtensibilityGlobals) = postSolution
		SolutionGuid = {AB51AF7B-1986-42EA-8CB0-C58276F702F3}
	EndGlobalSection
EndGlobal
